// !$*UTF8*$!
{
	archiveVersion = 1;
	classes = {
	};
	objectVersion = 63;
	objects = {

/* Begin PBXBuildFile section */
		0B67FE45167C196C9EC19AD2 /* Assets.xcassets in Resources */ = {isa = PBXBuildFile; fileRef = 49644779DEB4B7A24EC3018B /* Assets.xcassets */; };
		14636F663DC07E66F487535C /* FirebaseCore in Frameworks */ = {isa = PBXBuildFile; productRef = 2D4506BFD3DF9C587D207C11 /* FirebaseCore */; };
		1BE4A3D645DC81659C1EF8E3 /* RSSFeedService.swift in Sources */ = {isa = PBXBuildFile; fileRef = 168A7993E0D52E9222BE967B /* RSSFeedService.swift */; };
		30574FAECC14750944918CD3 /* HeaderView.swift in Sources */ = {isa = PBXBuildFile; fileRef = B768F9FBFB582A838348494E /* HeaderView.swift */; };
		61A35C416846DB44A67179FE /* ContentView.swift in Sources */ = {isa = PBXBuildFile; fileRef = 32BCCE52A2D0497E26665F7D /* ContentView.swift */; };
		6D7F09144A76BF033403155A /* GoogleMobileAds in Frameworks */ = {isa = PBXBuildFile; productRef = D0AE6B8C3CD822E4E8646392 /* GoogleMobileAds */; };
		8D8B04BCA52EAA790C4D5861 /* JamaicaVacationDealsApp.swift in Sources */ = {isa = PBXBuildFile; fileRef = DEEBB3167C5421EA766F14D7 /* JamaicaVacationDealsApp.swift */; };
		9A81086175FD44B018703ADE /* GoogleService-Info.plist in Resources */ = {isa = PBXBuildFile; fileRef = F333AC076FA2AC7F30BC54A0 /* GoogleService-Info.plist */; };
		A51DA86A1EA764C252B1CD23 /* DealCardView.swift in Sources */ = {isa = PBXBuildFile; fileRef = 8F74392D68C99F7BED9350EC /* DealCardView.swift */; };
		B74B732FE212F2EF43D04EFD /* TravelDeal.swift in Sources */ = {isa = PBXBuildFile; fileRef = 2BBE1215ECA42F486E11C1EB /* TravelDeal.swift */; };
		D15F6605C789F1E6C5D34978 /* RSSParser.swift in Sources */ = {isa = PBXBuildFile; fileRef = 54D618238C680A53C481AF9D /* RSSParser.swift */; };
		D1DB7B484A153C0658C495DD /* FirebaseAnalytics in Frameworks */ = {isa = PBXBuildFile; productRef = 9BC511ED8470A5F8E06438C4 /* FirebaseAnalytics */; };
		E71B9A2D62456952C0CD5B1B /* AdBannerView.swift in Sources */ = {isa = PBXBuildFile; fileRef = 01EB1BE89A03F7D77B766523 /* AdBannerView.swift */; };
/* End PBXBuildFile section */

/* Begin PBXFileReference section */
		01EB1BE89A03F7D77B766523 /* AdBannerView.swift */ = {isa = PBXFileReference; lastKnownFileType = sourcecode.swift; path = AdBannerView.swift; sourceTree = "<group>"; };
		168A7993E0D52E9222BE967B /* RSSFeedService.swift */ = {isa = PBXFileReference; lastKnownFileType = sourcecode.swift; path = RSSFeedService.swift; sourceTree = "<group>"; };
		2BBE1215ECA42F486E11C1EB /* TravelDeal.swift */ = {isa = PBXFileReference; lastKnownFileType = sourcecode.swift; path = TravelDeal.swift; sourceTree = "<group>"; };
		32BCCE52A2D0497E26665F7D /* ContentView.swift */ = {isa = PBXFileReference; lastKnownFileType = sourcecode.swift; path = ContentView.swift; sourceTree = "<group>"; };
		49644779DEB4B7A24EC3018B /* Assets.xcassets */ = {isa = PBXFileReference; lastKnownFileType = folder.assetcatalog; path = Assets.xcassets; sourceTree = "<group>"; };
		54D618238C680A53C481AF9D /* RSSParser.swift */ = {isa = PBXFileReference; lastKnownFileType = sourcecode.swift; path = RSSParser.swift; sourceTree = "<group>"; };
		8F74392D68C99F7BED9350EC /* DealCardView.swift */ = {isa = PBXFileReference; lastKnownFileType = sourcecode.swift; path = DealCardView.swift; sourceTree = "<group>"; };
		B768F9FBFB582A838348494E /* HeaderView.swift */ = {isa = PBXFileReference; lastKnownFileType = sourcecode.swift; path = HeaderView.swift; sourceTree = "<group>"; };
		C047C3151FC9A3101FB9F800 /* JamaicaDeals.app */ = {isa = PBXFileReference; explicitFileType = wrapper.application; includeInIndex = 0; path = JamaicaDeals.app; sourceTree = BUILT_PRODUCTS_DIR; };
		DEEBB3167C5421EA766F14D7 /* JamaicaVacationDealsApp.swift */ = {isa = PBXFileReference; lastKnownFileType = sourcecode.swift; path = JamaicaVacationDealsApp.swift; sourceTree = "<group>"; };
		E38F121D456F18610658CC0D /* Info.plist */ = {isa = PBXFileReference; lastKnownFileType = text.plist; path = Info.plist; sourceTree = "<group>"; };
		F333AC076FA2AC7F30BC54A0 /* GoogleService-Info.plist */ = {isa = PBXFileReference; lastKnownFileType = text.plist; path = "GoogleService-Info.plist"; sourceTree = "<group>"; };
/* End PBXFileReference section */

/* Begin PBXFrameworksBuildPhase section */
		A09EC7899DC2461CE520F6D3 /* Frameworks */ = {
			isa = PBXFrameworksBuildPhase;
			buildActionMask = 2147483647;
			files = (
				6D7F09144A76BF033403155A /* GoogleMobileAds in Frameworks */,
				D1DB7B484A153C0658C495DD /* FirebaseAnalytics in Frameworks */,
				14636F663DC07E66F487535C /* FirebaseCore in Frameworks */,
			);
			runOnlyForDeploymentPostprocessing = 0;
		};
/* End PBXFrameworksBuildPhase section */

/* Begin PBXGroup section */
		01DC5BC84E57C4B75DD27613 /* Models */ = {
			isa = PBXGroup;
			children = (
				2BBE1215ECA42F486E11C1EB /* TravelDeal.swift */,
			);
			path = Models;
			sourceTree = "<group>";
		};
		38A6A345B9061DC8D624D54A /* Products */ = {
			isa = PBXGroup;
			children = (
				C047C3151FC9A3101FB9F800 /* JamaicaDeals.app */,
			);
			name = Products;
			sourceTree = "<group>";
		};
		4434B76E39B93CC8AAA9808E /* App */ = {
			isa = PBXGroup;
			children = (
				DEEBB3167C5421EA766F14D7 /* JamaicaVacationDealsApp.swift */,
			);
			path = App;
			sourceTree = "<group>";
		};
		87CBE4124352732C3333DFBA /* JamaicaVacationDeals */ = {
			isa = PBXGroup;
			children = (
				49644779DEB4B7A24EC3018B /* Assets.xcassets */,
				F333AC076FA2AC7F30BC54A0 /* GoogleService-Info.plist */,
				E38F121D456F18610658CC0D /* Info.plist */,
				4434B76E39B93CC8AAA9808E /* App */,
				01DC5BC84E57C4B75DD27613 /* Models */,
				C760D99558DD4DBBF3E3E450 /* Services */,
				BDA029B27BDFB954288691C9 /* Views */,
			);
			path = JamaicaVacationDeals;
			sourceTree = "<group>";
		};
		BDA029B27BDFB954288691C9 /* Views */ = {
			isa = PBXGroup;
			children = (
				01EB1BE89A03F7D77B766523 /* AdBannerView.swift */,
				32BCCE52A2D0497E26665F7D /* ContentView.swift */,
				8F74392D68C99F7BED9350EC /* DealCardView.swift */,
				B768F9FBFB582A838348494E /* HeaderView.swift */,
			);
			path = Views;
			sourceTree = "<group>";
		};
		C760D99558DD4DBBF3E3E450 /* Services */ = {
			isa = PBXGroup;
			children = (
				168A7993E0D52E9222BE967B /* RSSFeedService.swift */,
				54D618238C680A53C481AF9D /* RSSParser.swift */,
			);
			path = Services;
			sourceTree = "<group>";
		};
		F95634BD80EBF58B9BBA9D4E = {
			isa = PBXGroup;
			children = (
				87CBE4124352732C3333DFBA /* JamaicaVacationDeals */,
				38A6A345B9061DC8D624D54A /* Products */,
			);
			sourceTree = "<group>";
		};
/* End PBXGroup section */

/* Begin PBXNativeTarget section */
		ACDFC482F2AD4C2AFA04E09C /* JamaicaDeals */ = {
			isa = PBXNativeTarget;
			buildConfigurationList = 2B5BAE8A30C92894CA59322C /* Build configuration list for PBXNativeTarget "JamaicaDeals" */;
			buildPhases = (
				49DF923F920C630007C9B910 /* Sources */,
				496F0F32298A8E4BC6993A4D /* Resources */,
				A09EC7899DC2461CE520F6D3 /* Frameworks */,
			);
			buildRules = (
			);
			dependencies = (
			);
			name = JamaicaDeals;
			packageProductDependencies = (
				D0AE6B8C3CD822E4E8646392 /* GoogleMobileAds */,
				9BC511ED8470A5F8E06438C4 /* FirebaseAnalytics */,
				2D4506BFD3DF9C587D207C11 /* FirebaseCore */,
			);
			productName = JamaicaDeals;
			productReference = C047C3151FC9A3101FB9F800 /* JamaicaDeals.app */;
			productType = "com.apple.product-type.application";
		};
/* End PBXNativeTarget section */

/* Begin PBXProject section */
		13FE171DB048FA874FC4C3CC /* Project object */ = {
			isa = PBXProject;
			attributes = {
				BuildIndependentTargetsInParallel = YES;
				LastUpgradeCheck = 1500;
			};
			buildConfigurationList = 5616E8313F332E052BC08755 /* Build configuration list for PBXProject "JamaicaDeals" */;
			compatibilityVersion = "Xcode 14.0";
			developmentRegion = en;
			hasScannedForEncodings = 0;
			knownRegions = (
				Base,
				en,
			);
			mainGroup = F95634BD80EBF58B9BBA9D4E;
			minimizedProjectReferenceProxies = 1;
			packageReferences = (
				F3F07DFFA900A28946717E3E /* XCRemoteSwiftPackageReference "firebase-ios-sdk" */,
				BB830D7DC8E49A99563E87A9 /* XCRemoteSwiftPackageReference "swift-package-manager-google-mobile-ads" */,
			);
			projectDirPath = "";
			projectRoot = "";
			targets = (
				ACDFC482F2AD4C2AFA04E09C /* JamaicaDeals */,
			);
		};
/* End PBXProject section */

/* Begin PBXResourcesBuildPhase section */
		496F0F32298A8E4BC6993A4D /* Resources */ = {
			isa = PBXResourcesBuildPhase;
			buildActionMask = 2147483647;
			files = (
				0B67FE45167C196C9EC19AD2 /* Assets.xcassets in Resources */,
				9A81086175FD44B018703ADE /* GoogleService-Info.plist in Resources */,
			);
			runOnlyForDeploymentPostprocessing = 0;
		};
/* End PBXResourcesBuildPhase section */

/* Begin PBXSourcesBuildPhase section */
		49DF923F920C630007C9B910 /* Sources */ = {
			isa = PBXSourcesBuildPhase;
			buildActionMask = 2147483647;
			files = (
				E71B9A2D62456952C0CD5B1B /* AdBannerView.swift in Sources */,
				61A35C416846DB44A67179FE /* ContentView.swift in Sources */,
				A51DA86A1EA764C252B1CD23 /* DealCardView.swift in Sources */,
				30574FAECC14750944918CD3 /* HeaderView.swift in Sources */,
				8D8B04BCA52EAA790C4D5861 /* JamaicaVacationDealsApp.swift in Sources */,
				1BE4A3D645DC81659C1EF8E3 /* RSSFeedService.swift in Sources */,
				D15F6605C789F1E6C5D34978 /* RSSParser.swift in Sources */,
				B74B732FE212F2EF43D04EFD /* TravelDeal.swift in Sources */,
			);
			runOnlyForDeploymentPostprocessing = 0;
		};
/* End PBXSourcesBuildPhase section */

/* Begin XCBuildConfiguration section */
		2A88A68CAED02883788E7253 /* Release */ = {
			isa = XCBuildConfiguration;
			buildSettings = {
				ASSETCATALOG_COMPILER_APPICON_NAME = AppIcon;
				CODE_SIGN_IDENTITY = "iPhone Developer";
				CURRENT_PROJECT_VERSION = 1;
				DEVELOPMENT_TEAM = G3P9A8Z2NP;
				INFOPLIST_FILE = JamaicaVacationDeals/Info.plist;
				IPHONEOS_DEPLOYMENT_TARGET = 17.0;
				LD_RUNPATH_SEARCH_PATHS = (
					"$(inherited)",
					"@executable_path/Frameworks",
				);
				MARKETING_VERSION = 1.6;
				PRODUCT_BUNDLE_IDENTIFIER = com.jamesbaker.jamaicadeals;
				SDKROOT = iphoneos;
				SWIFT_VERSION = 5.9;
				TARGETED_DEVICE_FAMILY = "1,2";
			};
			name = Release;
		};
		55BEACCABA60F7AD0A113E9F /* Debug */ = {
			isa = XCBuildConfiguration;
			buildSettings = {
				ALWAYS_SEARCH_USER_PATHS = NO;
				CLANG_ANALYZER_NONNULL = YES;
				CLANG_ANALYZER_NUMBER_OBJECT_CONVERSION = YES_AGGRESSIVE;
				CLANG_CXX_LANGUAGE_STANDARD = "gnu++14";
				CLANG_CXX_LIBRARY = "libc++";
				CLANG_ENABLE_MODULES = YES;
				CLANG_ENABLE_OBJC_ARC = YES;
				CLANG_ENABLE_OBJC_WEAK = YES;
				CLANG_WARN_BLOCK_CAPTURE_AUTORELEASING = YES;
				CLANG_WARN_BOOL_CONVERSION = YES;
				CLANG_WARN_COMMA = YES;
				CLANG_WARN_CONSTANT_CONVERSION = YES;
				CLANG_WARN_DEPRECATED_OBJC_IMPLEMENTATIONS = YES;
				CLANG_WARN_DIRECT_OBJC_ISA_USAGE = YES_ERROR;
				CLANG_WARN_DOCUMENTATION_COMMENTS = YES;
				CLANG_WARN_EMPTY_BODY = YES;
				CLANG_WARN_ENUM_CONVERSION = YES;
				CLANG_WARN_INFINITE_RECURSION = YES;
				CLANG_WARN_INT_CONVERSION = YES;
				CLANG_WARN_NON_LITERAL_NULL_CONVERSION = YES;
				CLANG_WARN_OBJC_IMPLICIT_RETAIN_SELF = YES;
				CLANG_WARN_OBJC_LITERAL_CONVERSION = YES;
				CLANG_WARN_OBJC_ROOT_CLASS = YES_ERROR;
				CLANG_WARN_QUOTED_INCLUDE_IN_FRAMEWORK_HEADER = YES;
				CLANG_WARN_RANGE_LOOP_ANALYSIS = YES;
				CLANG_WARN_STRICT_PROTOTYPES = YES;
				CLANG_WARN_SUSPICIOUS_MOVE = YES;
				CLANG_WARN_UNGUARDED_AVAILABILITY = YES_AGGRESSIVE;
				CLANG_WARN_UNREACHABLE_CODE = YES;
				CLANG_WARN__DUPLICATE_METHOD_MATCH = YES;
				COPY_PHASE_STRIP = NO;
				DEBUG_INFORMATION_FORMAT = dwarf;
				ENABLE_STRICT_OBJC_MSGSEND = YES;
				ENABLE_TESTABILITY = YES;
				GCC_C_LANGUAGE_STANDARD = gnu11;
				GCC_DYNAMIC_NO_PIC = NO;
				GCC_NO_COMMON_BLOCKS = YES;
				GCC_OPTIMIZATION_LEVEL = 0;
				GCC_PREPROCESSOR_DEFINITIONS = (
					"$(inherited)",
					"DEBUG=1",
				);
				GCC_WARN_64_TO_32_BIT_CONVERSION = YES;
				GCC_WARN_ABOUT_RETURN_TYPE = YES_ERROR;
				GCC_WARN_UNDECLARED_SELECTOR = YES;
				GCC_WARN_UNINITIALIZED_AUTOS = YES_AGGRESSIVE;
				GCC_WARN_UNUSED_FUNCTION = YES;
				GCC_WARN_UNUSED_VARIABLE = YES;
				IPHONEOS_DEPLOYMENT_TARGET = 17.0;
				MTL_ENABLE_DEBUG_INFO = INCLUDE_SOURCE;
				MTL_FAST_MATH = YES;
				ONLY_ACTIVE_ARCH = YES;
				PRODUCT_NAME = "$(TARGET_NAME)";
				SDKROOT = iphoneos;
				SWIFT_ACTIVE_COMPILATION_CONDITIONS = DEBUG;
				SWIFT_OPTIMIZATION_LEVEL = "-Onone";
				SWIFT_VERSION = 5.0;
			};
			name = Debug;
		};
		936BE7716459F209188312B3 /* Debug */ = {
			isa = XCBuildConfiguration;
			buildSettings = {
				ASSETCATALOG_COMPILER_APPICON_NAME = AppIcon;
				CODE_SIGN_IDENTITY = "iPhone Developer";
				CURRENT_PROJECT_VERSION = 1;
				DEVELOPMENT_TEAM = G3P9A8Z2NP;
				INFOPLIST_FILE = JamaicaVacationDeals/Info.plist;
				IPHONEOS_DEPLOYMENT_TARGET = 17.0;
				LD_RUNPATH_SEARCH_PATHS = (
					"$(inherited)",
					"@executable_path/Frameworks",
				);
				MARKETING_VERSION = 1.6;
				PRODUCT_BUNDLE_IDENTIFIER = com.jamesbaker.jamaicadeals;
				SDKROOT = iphoneos;
				SWIFT_VERSION = 5.9;
				TARGETED_DEVICE_FAMILY = "1,2";
			};
			name = Debug;
		};
		A176AFEC825A7606AA3FEAB0 /* Release */ = {
			isa = XCBuildConfiguration;
			buildSettings = {
				ALWAYS_SEARCH_USER_PATHS = NO;
				CLANG_ANALYZER_NONNULL = YES;
				CLANG_ANALYZER_NUMBER_OBJECT_CONVERSION = YES_AGGRESSIVE;
				CLANG_CXX_LANGUAGE_STANDARD = "gnu++14";
				CLANG_CXX_LIBRARY = "libc++";
				CLANG_ENABLE_MODULES = YES;
				CLANG_ENABLE_OBJC_ARC = YES;
				CLANG_ENABLE_OBJC_WEAK = YES;
				CLANG_WARN_BLOCK_CAPTURE_AUTORELEASING = YES;
				CLANG_WARN_BOOL_CONVERSION = YES;
				CLANG_WARN_COMMA = YES;
				CLANG_WARN_CONSTANT_CONVERSION = YES;
				CLANG_WARN_DEPRECATED_OBJC_IMPLEMENTATIONS = YES;
				CLANG_WARN_DIRECT_OBJC_ISA_USAGE = YES_ERROR;
				CLANG_WARN_DOCUMENTATION_COMMENTS = YES;
				CLANG_WARN_EMPTY_BODY = YES;
				CLANG_WARN_ENUM_CONVERSION = YES;
				CLANG_WARN_INFINITE_RECURSION = YES;
				CLANG_WARN_INT_CONVERSION = YES;
				CLANG_WARN_NON_LITERAL_NULL_CONVERSION = YES;
				CLANG_WARN_OBJC_IMPLICIT_RETAIN_SELF = YES;
				CLANG_WARN_OBJC_LITERAL_CONVERSION = YES;
				CLANG_WARN_OBJC_ROOT_CLASS = YES_ERROR;
				CLANG_WARN_QUOTED_INCLUDE_IN_FRAMEWORK_HEADER = YES;
				CLANG_WARN_RANGE_LOOP_ANALYSIS = YES;
				CLANG_WARN_STRICT_PROTOTYPES = YES;
				CLANG_WARN_SUSPICIOUS_MOVE = YES;
				CLANG_WARN_UNGUARDED_AVAILABILITY = YES_AGGRESSIVE;
				CLANG_WARN_UNREACHABLE_CODE = YES;
				CLANG_WARN__DUPLICATE_METHOD_MATCH = YES;
				COPY_PHASE_STRIP = NO;
				DEBUG_INFORMATION_FORMAT = "dwarf-with-dsym";
				ENABLE_NS_ASSERTIONS = NO;
				ENABLE_STRICT_OBJC_MSGSEND = YES;
				GCC_C_LANGUAGE_STANDARD = gnu11;
				GCC_NO_COMMON_BLOCKS = YES;
				GCC_WARN_64_TO_32_BIT_CONVERSION = YES;
				GCC_WARN_ABOUT_RETURN_TYPE = YES_ERROR;
				GCC_WARN_UNDECLARED_SELECTOR = YES;
				GCC_WARN_UNINITIALIZED_AUTOS = YES_AGGRESSIVE;
				GCC_WARN_UNUSED_FUNCTION = YES;
				GCC_WARN_UNUSED_VARIABLE = YES;
				IPHONEOS_DEPLOYMENT_TARGET = 17.0;
				MTL_ENABLE_DEBUG_INFO = NO;
				MTL_FAST_MATH = YES;
				PRODUCT_NAME = "$(TARGET_NAME)";
				SDKROOT = iphoneos;
				SWIFT_COMPILATION_MODE = wholemodule;
				SWIFT_OPTIMIZATION_LEVEL = "-O";
				SWIFT_VERSION = 5.0;
			};
			name = Release;
		};
/* End XCBuildConfiguration section */

/* Begin XCConfigurationList section */
		2B5BAE8A30C92894CA59322C /* Build configuration list for PBXNativeTarget "JamaicaDeals" */ = {
			isa = XCConfigurationList;
			buildConfigurations = (
				936BE7716459F209188312B3 /* Debug */,
				2A88A68CAED02883788E7253 /* Release */,
			);
			defaultConfigurationIsVisible = 0;
			defaultConfigurationName = Debug;
		};
		5616E8313F332E052BC08755 /* Build configuration list for PBXProject "JamaicaDeals" */ = {
			isa = XCConfigurationList;
			buildConfigurations = (
				55BEACCABA60F7AD0A113E9F /* Debug */,
				A176AFEC825A7606AA3FEAB0 /* Release */,
			);
			defaultConfigurationIsVisible = 0;
			defaultConfigurationName = Debug;
		};
/* End XCConfigurationList section */

/* Begin XCRemoteSwiftPackageReference section */
		BB830D7DC8E49A99563E87A9 /* XCRemoteSwiftPackageReference "swift-package-manager-google-mobile-ads" */ = {
			isa = XCRemoteSwiftPackageReference;
			repositoryURL = "https://github.com/googleads/swift-package-manager-google-mobile-ads";
			requirement = {
				kind = upToNextMajorVersion;
				minimumVersion = 11.0.0;
			};
		};
		F3F07DFFA900A28946717E3E /* XCRemoteSwiftPackageReference "firebase-ios-sdk" */ = {
			isa = XCRemoteSwiftPackageReference;
			repositoryURL = "https://github.com/firebase/firebase-ios-sdk";
			requirement = {
				kind = upToNextMajorVersion;
				minimumVersion = 11.0.0;
			};
		};
/* End XCRemoteSwiftPackageReference section */

/* Begin XCSwiftPackageProductDependency section */
		2D4506BFD3DF9C587D207C11 /* FirebaseCore */ = {
			isa = XCSwiftPackageProductDependency;
			package = F3F07DFFA900A28946717E3E /* XCRemoteSwiftPackageReference "firebase-ios-sdk" */;
			productName = FirebaseCore;
		};
		9BC511ED8470A5F8E06438C4 /* FirebaseAnalytics */ = {
			isa = XCSwiftPackageProductDependency;
			package = F3F07DFFA900A28946717E3E /* XCRemoteSwiftPackageReference "firebase-ios-sdk" */;
			productName = FirebaseAnalytics;
		};
		D0AE6B8C3CD822E4E8646392 /* GoogleMobileAds */ = {
			isa = XCSwiftPackageProductDependency;
			package = BB830D7DC8E49A99563E87A9 /* XCRemoteSwiftPackageReference "swift-package-manager-google-mobile-ads" */;
			productName = GoogleMobileAds;
		};
/* End XCSwiftPackageProductDependency section */
	};
	rootObject = 13FE171DB048FA874FC4C3CC /* Project object */;
}
